// !$*UTF8*$!
{
	archiveVersion = 1;
	classes = {
	};
	objectVersion = 56;
	objects = {

/* Begin PBXBuildFile section */
		B10000000000000000000001 /* FeiraLargoOrdemApp.swift in Sources */ = {isa = PBXBuildFile; fileRef = F10000000000000000000002 /* FeiraLargoOrdemApp.swift */; };
		B10000000000000000000002 /* ProdutoArtesanal.swift in Sources */ = {isa = PBXBuildFile; fileRef = F10000000000000000000003 /* ProdutoArtesanal.swift */; };
		B10000000000000000000003 /* CatalogoViewModel.swift in Sources */ = {isa = PBXBuildFile; fileRef = F10000000000000000000004 /* CatalogoViewModel.swift */; };
		B10000000000000000000004 /* CatalogoView.swift in Sources */ = {isa = PBXBuildFile; fileRef = F10000000000000000000005 /* CatalogoView.swift */; };
		B10000000000000000000005 /* DetalhesProdutoView.swift in Sources */ = {isa = PBXBuildFile; fileRef = F10000000000000000000006 /* DetalhesProdutoView.swift */; };
		B10000000000000000000006 /* ProdutoCardView.swift in Sources */ = {isa = PBXBuildFile; fileRef = F10000000000000000000007 /* ProdutoCardView.swift */; };
		B10000000000000000000007 /* Assets.xcassets in Resources */ = {isa = PBXBuildFile; fileRef = F10000000000000000000008 /* Assets.xcassets */; };
/* End PBXBuildFile section */

/* Begin PBXFileReference section */
		F10000000000000000000001 /* FeiraLargoOrdem.app */ = {isa = PBXFileReference; explicitFileType = wrapper.application; includeInIndex = 0; path = FeiraLargoOrdem.app; sourceTree = BUILT_PRODUCTS_DIR; };
		F10000000000000000000002 /* FeiraLargoOrdemApp.swift */ = {isa = PBXFileReference; lastKnownFileType = sourcecode.swift; path = FeiraLargoOrdemApp.swift; sourceTree = "<group>"; };
		F10000000000000000000003 /* ProdutoArtesanal.swift */ = {isa = PBXFileReference; lastKnownFileType = sourcecode.swift; path = ProdutoArtesanal.swift; sourceTree = "<group>"; };
		F10000000000000000000004 /* CatalogoViewModel.swift */ = {isa = PBXFileReference; lastKnownFileType = sourcecode.swift; path = CatalogoViewModel.swift; sourceTree = "<group>"; };
		F10000000000000000000005 /* CatalogoView.swift */ = {isa = PBXFileReference; lastKnownFileType = sourcecode.swift; path = CatalogoView.swift; sourceTree = "<group>"; };
		F10000000000000000000006 /* DetalhesProdutoView.swift */ = {isa = PBXFileReference; lastKnownFileType = sourcecode.swift; path = DetalhesProdutoView.swift; sourceTree = "<group>"; };
		F10000000000000000000007 /* ProdutoCardView.swift */ = {isa = PBXFileReference; lastKnownFileType = sourcecode.swift; path = ProdutoCardView.swift; sourceTree = "<group>"; };
		F10000000000000000000008 /* Assets.xcassets */ = {isa = PBXFileReference; lastKnownFileType = folder.assetcatalog; path = Assets.xcassets; sourceTree = "<group>"; };
/* End PBXFileReference section */

/* Begin PBXFrameworksBuildPhase section */
		P10000000000000000000002 /* Frameworks */ = {
			isa = PBXFrameworksBuildPhase;
			buildActionMask = 2147483647;
			files = (
			);
			runOnlyForDeploymentPostprocessing = 0;
		};
/* End PBXFrameworksBuildPhase section */

/* Begin PBXGroup section */
		G10000000000000000000001 = {
			isa = PBXGroup;
			children = (
				F10000000000000000000002 /* FeiraLargoOrdemApp.swift */,
				G10000000000000000000003 /* Models */,
				G10000000000000000000004 /* ViewModels */,
				G10000000000000000000005 /* Views */,
				F10000000000000000000008 /* Assets.xcassets */,
				G10000000000000000000002 /* Products */,
			);
			sourceTree = "<group>";
		};
		G10000000000000000000002 /* Products */ = {
			isa = PBXGroup;
			children = (
				F10000000000000000000001 /* FeiraLargoOrdem.app */,
			);
			name = Products;
			sourceTree = "<group>";
		};
		G10000000000000000000003 /* Models */ = {
			isa = PBXGroup;
			children = (
				F10000000000000000000003 /* ProdutoArtesanal.swift */,
			);
			path = Models;
			sourceTree = "<group>";
		};
		G10000000000000000000004 /* ViewModels */ = {
			isa = PBXGroup;
			children = (
				F10000000000000000000004 /* CatalogoViewModel.swift */,
			);
			path = ViewModels;
			sourceTree = "<group>";
		};
		G10000000000000000000005 /* Views */ = {
			isa = PBXGroup;
			children = (
				F10000000000000000000005 /* CatalogoView.swift */,
				F10000000000000000000006 /* DetalhesProdutoView.swift */,
				F10000000000000000000007 /* ProdutoCardView.swift */,
			);
			path = Views;
			sourceTree = "<group>";
		};
/* End PBXGroup section */

/* Begin PBXNativeTarget section */
		T10000000000000000000001 /* FeiraLargoOrdem */ = {
			isa = PBXNativeTarget;
			buildConfigurationList = C10000000000000000000002 /* Build configuration list for PBXNativeTarget "FeiraLargoOrdem" */;
			buildPhases = (
				P10000000000000000000001 /* Sources */,
				P10000000000000000000002 /* Frameworks */,
				P10000000000000000000003 /* Resources */,
			);
			buildRules = (
			);
			dependencies = (
			);
			name = FeiraLargoOrdem;
			productName = FeiraLargoOrdem;
			productReference = F10000000000000000000001 /* FeiraLargoOrdem.app */;
			productType = "com.apple.product-type.application";
		};
/* End PBXNativeTarget section */

/* Begin PBXProject section */
		A10000000000000000000001 /* Project object */ = {
			isa = PBXProject;
			attributes = {
				BuildIndependentTargetsInParallel = 1;
				LastSwiftUpdateCheck = 1600;
				LastUpgradeCheck = 1600;
				TargetAttributes = {
					T10000000000000000000001 = {
						CreatedOnToolsVersion = 16.0;
					};
				};
			};
			buildConfigurationList = C10000000000000000000001 /* Build configuration list for PBXProject "FeiraLargoOrdem" */;
			compatibilityVersion = "Xcode 14.0";
			developmentRegion = en;
			hasScannedForEncodings = 0;
			knownRegions = (
				en,
				Base,
			);
			mainGroup = G10000000000000000000001;
			productRefGroup = G10000000000000000000002 /* Products */;
			projectDirPath = "";
			projectRoot = "";
			targets = (
				T10000000000000000000001 /* FeiraLargoOrdem */,
			);
		};
/* End PBXProject section */

/* Begin PBXResourcesBuildPhase section */
		P10000000000000000000003 /* Resources */ = {
			isa = PBXResourcesBuildPhase;
			buildActionMask = 2147483647;
			files = (
				B10000000000000000000007 /* Assets.xcassets in Resources */,
			);
			runOnlyForDeploymentPostprocessing = 0;
		};
/* End PBXResourcesBuildPhase section */

/* Begin PBXSourcesBuildPhase section */
		P10000000000000000000001 /* Sources */ = {
			isa = PBXSourcesBuildPhase;
			buildActionMask = 2147483647;
			files = (
				B10000000000000000000001 /* FeiraLargoOrdemApp.swift in Sources */,
				B10000000000000000000002 /* ProdutoArtesanal.swift in Sources */,
				B10000000000000000000003 /* CatalogoViewModel.swift in Sources */,
				B10000000000000000000004 /* CatalogoView.swift in Sources */,
				B10000000000000000000005 /* DetalhesProdutoView.swift in Sources */,
				B10000000000000000000006 /* ProdutoCardView.swift in Sources */,
			);
			runOnlyForDeploymentPostprocessing = 0;
		};
/* End PBXSourcesBuildPhase section */

/* Begin XCBuildConfiguration section */
		D10000000000000000000001 /* Debug */ = {
			isa = XCBuildConfiguration;
			buildSettings = {
				ALWAYS_SEARCH_USER_PATHS = NO;
				CLANG_ANALYZER_NONNULL = YES;
				CLANG_ANALYZER_NUMBER_OBJECT_CONVERSION = YES_AGGRESSIVE;
				CLANG_CXX_LANGUAGE_STANDARD = "gnu++20";
				CLANG_ENABLE_MODULES = YES;
				CLANG_ENABLE_OBJC_ARC = YES;
				CLANG_WARN_DOCUMENTATION_COMMENTS = YES;
				CLANG_WARN_EMPTY_BODY = YES;
				CLANG_WARN_ENUM_CONVERSION = YES;
				CLANG_WARN_INT_CONVERSION = YES;
				CLANG_WARN_UNGUARDED_AVAILABILITY = YES_AGGRESSIVE;
				COPY_PHASE_STRIP = NO;
				DEBUG_INFORMATION_FORMAT = dwarf;
				ENABLE_STRICT_OBJC_MSGSEND = YES;
				GCC_C_LANGUAGE_STANDARD = gnu17;
				GCC_DYNAMIC_NO_PIC = NO;
				GCC_NO_COMMON_BLOCKS = YES;
				GCC_OPTIMIZATION_LEVEL = 0;
				GCC_PREPROCESSOR_DEFINITIONS = (
					"DEBUG=1",
					"$(inherited)",
				);
				GCC_WARN_64_TO_32_BIT_CONVERSION = YES;
				GCC_WARN_ABOUT_RETURN_TYPE = YES_ERROR;
				GCC_WARN_UNDECLARED_SELECTOR = YES;
				GCC_WARN_UNINITIALIZED_AUTOS = YES_AGGRESSIVE;
				GCC_WARN_UNUSED_FUNCTION = YES;
				GCC_WARN_UNUSED_VARIABLE = YES;
				IPHONEOS_DEPLOYMENT_TARGET = 16.0;
				MTL_ENABLE_DEBUG_INFO = INCLUDE_SOURCE;
				MTL_FAST_MATH = YES;
				ONLY_ACTIVE_ARCH = YES;
				SDKROOT = iphoneos;
				SWIFT_ACTIVE_COMPILATION_CONDITIONS = DEBUG;
			};
			name = Debug;
		};
		D10000000000000000000002 /* Release */ = {
			isa = XCBuildConfiguration;
			buildSettings = {
				ALWAYS_SEARCH_USER_PATHS = NO;
				CLANG_ANALYZER_NONNULL = YES;
				CLANG_ANALYZER_NUMBER_OBJECT_CONVERSION = YES_AGGRESSIVE;
				CLANG_CXX_LANGUAGE_STANDARD = "gnu++20";
				CLANG_ENABLE_MODULES = YES;
				CLANG_ENABLE_OBJC_ARC = YES;
				CLANG_WARN_DOCUMENTATION_COMMENTS = YES;
				CLANG_WARN_EMPTY_BODY = YES;
				CLANG_WARN_ENUM_CONVERSION = YES;
				CLANG_WARN_INT_CONVERSION = YES;
				CLANG_WARN_UNGUARDED_AVAILABILITY = YES_AGGRESSIVE;
				COPY_PHASE_STRIP = NO;
				DEBUG_INFORMATION_FORMAT = "dwarf-with-dsym";
				ENABLE_NS_ASSERTIONS = NO;
				ENABLE_STRICT_OBJC_MSGSEND = YES;
				GCC_C_LANGUAGE_STANDARD = gnu17;
				GCC_NO_COMMON_BLOCKS = YES;
				GCC_WARN_64_TO_32_BIT_CONVERSION = YES;
				GCC_WARN_ABOUT_RETURN_TYPE = YES_ERROR;
				GCC_WARN_UNDECLARED_SELECTOR = YES;
				GCC_WARN_UNINITIALIZED_AUTOS = YES_AGGRESSIVE;
				GCC_WARN_UNUSED_FUNCTION = YES;
				GCC_WARN_UNUSED_VARIABLE = YES;
				IPHONEOS_DEPLOYMENT_TARGET = 16.0;
				MTL_FAST_MATH = YES;
				SDKROOT = iphoneos;
				SWIFT_COMPILATION_MODE = wholemodule;
				VALIDATE_PRODUCT = YES;
			};
			name = Release;
		};
		D10000000000000000000003 /* Debug */ = {
			isa = XCBuildConfiguration;
			buildSettings = {
				ASSETCATALOG_COMPILER_GLOBAL_ACCENT_COLOR_NAME = AccentColor;
				CODE_SIGN_STYLE = Automatic;
				CURRENT_PROJECT_VERSION = 1;
				DEVELOPMENT_TEAM = "";
				ENABLE_PREVIEWS = YES;
				GENERATE_INFOPLIST_FILE = YES;
				INFOPLIST_KEY_CFBundleDisplayName = "Feira do Largo";
				INFOPLIST_KEY_UIApplicationSceneManifest_Generation = YES;
				INFOPLIST_KEY_UIApplicationSupportsIndirectInputEvents = YES;
				INFOPLIST_KEY_UILaunchScreen_Generation = YES;
				INFOPLIST_KEY_UISupportedInterfaceOrientations_iPad = "UIInterfaceOrientationPortrait UIInterfaceOrientationPortraitUpsideDown UIInterfaceOrientationLandscapeLeft UIInterfaceOrientationLandscapeRight";
				INFOPLIST_KEY_UISupportedInterfaceOrientations_iPhone = "UIInterfaceOrientationPortrait UIInterfaceOrientationLandscapeLeft UIInterfaceOrientationLandscapeRight";
				IPHONEOS_DEPLOYMENT_TARGET = 16.0;
				LD_RUNPATH_SEARCH_PATHS = (
					"$(inherited)",
					"@executable_path/Frameworks",
				);
				MARKETING_VERSION = 1.0;
				PRODUCT_BUNDLE_IDENTIFIER = com.feiralargoordem.vitrine;
				PRODUCT_NAME = "$(TARGET_NAME)";
				SDKROOT = iphoneos;
				STRING_CATALOG_GENERATE_SYMBOLS = YES;
				SUPPORTED_PLATFORMS = "iphoneos iphonesimulator";
				SWIFT_EMIT_LOC_STRINGS = YES;
				SWIFT_VERSION = 5.0;
				TARGETED_DEVICE_FAMILY = "1,2";
			};
			name = Debug;
		};
		D10000000000000000000004 /* Release */ = {
			isa = XCBuildConfiguration;
			buildSettings = {
				ASSETCATALOG_COMPILER_GLOBAL_ACCENT_COLOR_NAME = AccentColor;
				CODE_SIGN_STYLE = Automatic;
				CURRENT_PROJECT_VERSION = 1;
				DEVELOPMENT_TEAM = "";
				ENABLE_PREVIEWS = YES;
				GENERATE_INFOPLIST_FILE = YES;
				INFOPLIST_KEY_CFBundleDisplayName = "Feira do Largo";
				INFOPLIST_KEY_UIApplicationSceneManifest_Generation = YES;
				INFOPLIST_KEY_UIApplicationSupportsIndirectInputEvents = YES;
				INFOPLIST_KEY_UILaunchScreen_Generation = YES;
				INFOPLIST_KEY_UISupportedInterfaceOrientations_iPad = "UIInterfaceOrientationPortrait UIInterfaceOrientationPortraitUpsideDown UIInterfaceOrientationLandscapeLeft UIInterfaceOrientationLandscapeRight";
				INFOPLIST_KEY_UISupportedInterfaceOrientations_iPhone = "UIInterfaceOrientationPortrait UIInterfaceOrientationLandscapeLeft UIInterfaceOrientationLandscapeRight";
				IPHONEOS_DEPLOYMENT_TARGET = 16.0;
				LD_RUNPATH_SEARCH_PATHS = (
					"$(inherited)",
					"@executable_path/Frameworks",
				);
				MARKETING_VERSION = 1.0;
				PRODUCT_BUNDLE_IDENTIFIER = com.feiralargoordem.vitrine;
				PRODUCT_NAME = "$(TARGET_NAME)";
				SDKROOT = iphoneos;
				STRING_CATALOG_GENERATE_SYMBOLS = YES;
				SUPPORTED_PLATFORMS = "iphoneos iphonesimulator";
				SWIFT_EMIT_LOC_STRINGS = YES;
				SWIFT_VERSION = 5.0;
				TARGETED_DEVICE_FAMILY = "1,2";
			};
			name = Release;
		};
/* End XCBuildConfiguration section */

/* Begin XCConfigurationList section */
		C10000000000000000000001 /* Build configuration list for PBXProject "FeiraLargoOrdem" */ = {
			isa = XCConfigurationList;
			buildConfigurations = (
				D10000000000000000000001 /* Debug */,
				D10000000000000000000002 /* Release */,
			);
			defaultConfigurationIsVisible = 0;
			defaultConfigurationName = Release;
		};
		C10000000000000000000002 /* Build configuration list for PBXNativeTarget "FeiraLargoOrdem" */ = {
			isa = XCConfigurationList;
			buildConfigurations = (
				D10000000000000000000003 /* Debug */,
				D10000000000000000000004 /* Release */,
			);
			defaultConfigurationIsVisible = 0;
			defaultConfigurationName = Release;
		};
/* End XCConfigurationList section */
	};
	rootObject = A10000000000000000000001 /* Project object */;
}
